
Microsoft Visual Studio Solution File, Format Version 12.00
Project("{FAE04EC0-301F-11D3-BF4B-00C04F79EFBC}") = "HotelBooking", "HotelBooking\HotelBooking.csproj", "{BFC960F8-D969-4338-9866-C460A9B703FA}"
EndProject
Global
	GlobalSection(SolutionConfigurationPlatforms) = preSolution
		Debug|Any CPU = Debug|Any CPU
		Release|Any CPU = Release|Any CPU
	EndGlobalSection
	GlobalSection(ProjectConfigurationPlatforms) = postSolution
		{BFC960F8-D969-4338-9866-C460A9B703FA}.Debug|Any CPU.ActiveCfg = Debug|Any CPU
		{BFC960F8-D969-4338-9866-C460A9B703FA}.Debug|Any CPU.Build.0 = Debug|Any CPU
		{BFC960F8-D969-4338-9866-C460A9B703FA}.Release|Any CPU.ActiveCfg = Release|Any CPU
		{BFC960F8-D969-4338-9866-C460A9B703FA}.Release|Any CPU.Build.0 = Release|Any CPU
	EndGlobalSection
EndGlobal
